# @generated - this file is auto-generated by `mise lock` https://mise.jdx.dev/dev-tools/mise-lock.html

[[tools."cargo:gitnr"]]
version = "0.3.1"
backend = "cargo:gitnr"

[[tools.rclone]]
version = "1.75.0"
backend = "aqua:rclone/rclone"

[tools.rclone."platforms.linux-arm64"]
checksum = "sha256:d0ad88ba4c8e285b7c9efa591e0ab643280a91741e13c27f3a9c0957ccfa5203"
url = "https://github.com/rclone/rclone/releases/download/v1.75.0/rclone-v1.75.0-linux-arm64.zip"
url_api = "https://api.github.com/repos/rclone/rclone/releases/assets/496933638"

[tools.rclone."platforms.linux-arm64-musl"]
checksum = "sha256:d0ad88ba4c8e285b7c9efa591e0ab643280a91741e13c27f3a9c0957ccfa5203"
url = "https://github.com/rclone/rclone/releases/download/v1.75.0/rclone-v1.75.0-linux-arm64.zip"
url_api = "https://api.github.com/repos/rclone/rclone/releases/assets/496933638"

[tools.rclone."platforms.linux-x64"]
checksum = "sha256:aa2804e08f48250e71009c727124b6341cd0288465804a9a09d14663cabafbaa"
url = "https://github.com/rclone/rclone/releases/download/v1.75.0/rclone-v1.75.0-linux-amd64.zip"
url_api = "https://api.github.com/repos/rclone/rclone/releases/assets/496932792"

[tools.rclone."platforms.linux-x64-musl"]
checksum = "sha256:aa2804e08f48250e71009c727124b6341cd0288465804a9a09d14663cabafbaa"
url = "https://github.com/rclone/rclone/releases/download/v1.75.0/rclone-v1.75.0-linux-amd64.zip"
url_api = "https://api.github.com/repos/rclone/rclone/releases/assets/496932792"

[tools.rclone."platforms.macos-arm64"]
checksum = "sha256:35e8f2a666ce789b29111db0dd843ddabc0d59c6b609d07bcaae5d1a07cba6f8"
url = "https://github.com/rclone/rclone/releases/download/v1.75.0/rclone-v1.75.0-osx-arm64.zip"
url_api = "https://api.github.com/repos/rclone/rclone/releases/assets/496939862"

[tools.rclone."platforms.macos-x64"]
checksum = "sha256:19edbb8e5e73096eb66e92a42abbc5c34bfa8981ea3986a53872c7eef85a22f4"
url = "https://github.com/rclone/rclone/releases/download/v1.75.0/rclone-v1.75.0-osx-amd64.zip"
url_api = "https://api.github.com/repos/rclone/rclone/releases/assets/496939574"

[tools.rclone."platforms.windows-x64"]
checksum = "sha256:203581f0a7baeae873f2347483a798c79e2eaf5c384a4e9d866aa374f1c89ac0"
url = "https://github.com/rclone/rclone/releases/download/v1.75.0/rclone-v1.75.0-windows-amd64.zip"
url_api = "https://api.github.com/repos/rclone/rclone/releases/assets/496941642"

[[tools.rg]]
version = "15.2.0"
backend = "aqua:BurntSushi/ripgrep"

[tools.rg."platforms.linux-arm64"]
checksum = "sha256:a740b91c82eaf9914cfedd353572f2791cbe0162c84101ee0951058f4dcbc90d"
url = "https://github.com/BurntSushi/ripgrep/releases/download/15.2.0/ripgrep-15.2.0-aarch64-unknown-linux-gnu.tar.gz"
url_api = "https://api.github.com/repos/BurntSushi/ripgrep/releases/assets/478119579"

[tools.rg."platforms.linux-arm64-musl"]
checksum = "sha256:800b1e7206afe799dfb5a6901f23147cfaabe0e52210538100f61e86e1740915"
url = "https://github.com/BurntSushi/ripgrep/releases/download/15.2.0/ripgrep-15.2.0-aarch64-unknown-linux-musl.tar.gz"
url_api = "https://api.github.com/repos/BurntSushi/ripgrep/releases/assets/478120060"

[tools.rg."platforms.linux-x64"]
checksum = "sha256:33e15bcf1624b25cdd2a55813a47a2f95dbe126268203e76aa6a585d1e7b149c"
url = "https://github.com/BurntSushi/ripgrep/releases/download/15.2.0/ripgrep-15.2.0-x86_64-unknown-linux-musl.tar.gz"
url_api = "https://api.github.com/repos/BurntSushi/ripgrep/releases/assets/478120097"

[tools.rg."platforms.linux-x64-musl"]
checksum = "sha256:33e15bcf1624b25cdd2a55813a47a2f95dbe126268203e76aa6a585d1e7b149c"
url = "https://github.com/BurntSushi/ripgrep/releases/download/15.2.0/ripgrep-15.2.0-x86_64-unknown-linux-musl.tar.gz"
url_api = "https://api.github.com/repos/BurntSushi/ripgrep/releases/assets/478120097"

[tools.rg."platforms.macos-arm64"]
checksum = "sha256:3750b2e93f37e0c692657da574d7019a101c0084da05a790c83fd335bad973e4"
url = "https://github.com/BurntSushi/ripgrep/releases/download/15.2.0/ripgrep-15.2.0-aarch64-apple-darwin.tar.gz"
url_api = "https://api.github.com/repos/BurntSushi/ripgrep/releases/assets/478118851"

[tools.rg."platforms.macos-x64"]
checksum = "sha256:af7825fcc69a2afc7a7aea55fc9af90e26421d8f20fe59df32e233c0b8a231c1"
url = "https://github.com/BurntSushi/ripgrep/releases/download/15.2.0/ripgrep-15.2.0-x86_64-apple-darwin.tar.gz"
url_api = "https://api.github.com/repos/BurntSushi/ripgrep/releases/assets/478119585"

[tools.rg."platforms.windows-x64"]
checksum = "sha256:71b2fef860abe467217a538ff31de02f5258807c0129f771846f87bd029aafc5"
url = "https://github.com/BurntSushi/ripgrep/releases/download/15.2.0/ripgrep-15.2.0-x86_64-pc-windows-msvc.zip"
url_api = "https://api.github.com/repos/BurntSushi/ripgrep/releases/assets/478119643"

[[tools.rumdl]]
version = "0.2.63"
backend = "aqua:rvben/rumdl"

[tools.rumdl."platforms.linux-arm64"]
checksum = "sha256:46c0689e947fd27daf069dc8464b273517c18215b7a770669aca6c77b09f7247"
url = "https://github.com/rvben/rumdl/releases/download/v0.2.63/rumdl-v0.2.63-aarch64-unknown-linux-gnu.tar.gz"
url_api = "https://api.github.com/repos/rvben/rumdl/releases/assets/540877247"
provenance = "github-attestations"

[tools.rumdl."platforms.linux-arm64-musl"]
checksum = "sha256:5c7ad264c4fd46d0e4779285b601a567d334ac1839cea7dffd9bdb0994630145"
url = "https://github.com/rvben/rumdl/releases/download/v0.2.63/rumdl-v0.2.63-aarch64-unknown-linux-musl.tar.gz"
url_api = "https://api.github.com/repos/rvben/rumdl/releases/assets/540877254"
provenance = "github-attestations"

[tools.rumdl."platforms.linux-x64"]
checksum = "sha256:e64a92441a92115c8c2eb6ef5d8aecb7a6fc83fdeb5af5772fd038d954b3d234"
url = "https://github.com/rvben/rumdl/releases/download/v0.2.63/rumdl-v0.2.63-x86_64-unknown-linux-gnu.tar.gz"
url_api = "https://api.github.com/repos/rvben/rumdl/releases/assets/540877251"
provenance = "github-attestations"

[tools.rumdl."platforms.linux-x64-musl"]
checksum = "sha256:6cfdf4973ac899be6884cf64743998aacba8478dfba425da3ee6379b71c94b7d"
url = "https://github.com/rvben/rumdl/releases/download/v0.2.63/rumdl-v0.2.63-x86_64-unknown-linux-musl.tar.gz"
url_api = "https://api.github.com/repos/rvben/rumdl/releases/assets/540877246"
provenance = "github-attestations"

[tools.rumdl."platforms.macos-arm64"]
checksum = "sha256:3ccb2f8e0f762ad0a276c6137da5a4ca633c8fd43346ad1c2dce02a81f1acb24"
url = "https://github.com/rvben/rumdl/releases/download/v0.2.63/rumdl-v0.2.63-aarch64-apple-darwin.tar.gz"
url_api = "https://api.github.com/repos/rvben/rumdl/releases/assets/540877248"
provenance = "github-attestations"

[tools.rumdl."platforms.macos-x64"]
checksum = "sha256:56009f09e310b73f9306349eb91d41420814451efe82c65b47c7f63b33967d61"
url = "https://github.com/rvben/rumdl/releases/download/v0.2.63/rumdl-v0.2.63-x86_64-apple-darwin.tar.gz"
url_api = "https://api.github.com/repos/rvben/rumdl/releases/assets/540877249"
provenance = "github-attestations"

[tools.rumdl."platforms.windows-x64"]
checksum = "sha256:6ea401e2f3077433d8b51991d40e1f0d80c1e96d917d3e89852135f11320e76b"
url = "https://github.com/rvben/rumdl/releases/download/v0.2.63/rumdl-v0.2.63-x86_64-pc-windows-msvc.zip"
url_api = "https://api.github.com/repos/rvben/rumdl/releases/assets/540877255"
provenance = "github-attestations"

[[tools.uv]]
version = "0.12.9"
backend = "aqua:astral-sh/uv"

[tools.uv."platforms.linux-arm64"]
checksum = "sha256:c36fe17937ff6bd16dc42fc13854b5465999fcab2efe0af559381e945e3c6001"
url = "https://github.com/astral-sh/uv/releases/download/0.12.9/uv-aarch64-unknown-linux-gnu.tar.gz"
url_api = "https://api.github.com/repos/astral-sh/uv/releases/assets/540200939"
provenance = "github-attestations"

[tools.uv."platforms.linux-arm64-musl"]
checksum = "sha256:7eb9bf48516448c9db6a9e436d8e747ac9c8a9cac74717160a29918249b080a6"
url = "https://github.com/astral-sh/uv/releases/download/0.12.9/uv-aarch64-unknown-linux-musl.tar.gz"
url_api = "https://api.github.com/repos/astral-sh/uv/releases/assets/540200941"
provenance = "github-attestations"

[tools.uv."platforms.linux-x64"]
checksum = "sha256:ec7a99cd05e0cd7f80243f135ce1361c76835cb0ee60055d14d20eba8eba1460"
url = "https://github.com/astral-sh/uv/releases/download/0.12.9/uv-x86_64-unknown-linux-gnu.tar.gz"
url_api = "https://api.github.com/repos/astral-sh/uv/releases/assets/540201041"
provenance = "github-attestations"

[tools.uv."platforms.linux-x64-musl"]
checksum = "sha256:aa4b1f8770910f7c7c543c7acc980e4270e52e70750c996acef813ea1c7c2912"
url = "https://github.com/astral-sh/uv/releases/download/0.12.9/uv-x86_64-unknown-linux-musl.tar.gz"
url_api = "https://api.github.com/repos/astral-sh/uv/releases/assets/540201044"
provenance = "github-attestations"

[tools.uv."platforms.macos-arm64"]
checksum = "sha256:301f72afaf54060f92da7016cb0115bd077f43a9c8e39c1d8170a0bac80fd398"
url = "https://github.com/astral-sh/uv/releases/download/0.12.9/uv-aarch64-apple-darwin.tar.gz"
url_api = "https://api.github.com/repos/astral-sh/uv/releases/assets/540200930"
provenance = "github-attestations"

[tools.uv."platforms.macos-x64"]
checksum = "sha256:e1ca175824f1056589ce9908f7631879ebc3c36535b5e63dc06510beb370b4c1"
url = "https://github.com/astral-sh/uv/releases/download/0.12.9/uv-x86_64-apple-darwin.tar.gz"
url_api = "https://api.github.com/repos/astral-sh/uv/releases/assets/540201016"
provenance = "github-attestations"

[tools.uv."platforms.windows-x64"]
checksum = "sha256:ddbfcee1ac615a0499f6aa97b5ec8ebdf3ee4a7714a48055ec2ba0030e3cf810"
url = "https://github.com/astral-sh/uv/releases/download/0.12.9/uv-x86_64-pc-windows-msvc.zip"
url_api = "https://api.github.com/repos/astral-sh/uv/releases/assets/540201024"
provenance = "github-attestations"
