# @generated - this file is auto-generated by `mise lock` https://mise.jdx.dev/dev-tools/mise-lock.html

[[tools."cargo:gitnr"]]
version = "0.3.0"
backend = "cargo:gitnr"

[[tools.rclone]]
version = "1.75.0"
backend = "aqua:rclone/rclone"

[tools.rclone."platforms.linux-arm64"]
checksum = "sha256:d0ad88ba4c8e285b7c9efa591e0ab643280a91741e13c27f3a9c0957ccfa5203"
url = "https://github.com/rclone/rclone/releases/download/v1.75.0/rclone-v1.75.0-linux-arm64.zip"
url_api = "https://api.github.com/repos/rclone/rclone/releases/assets/496933638"

[tools.rclone."platforms.linux-arm64-musl"]
checksum = "sha256:d0ad88ba4c8e285b7c9efa591e0ab643280a91741e13c27f3a9c0957ccfa5203"
url = "https://github.com/rclone/rclone/releases/download/v1.75.0/rclone-v1.75.0-linux-arm64.zip"
url_api = "https://api.github.com/repos/rclone/rclone/releases/assets/496933638"

[tools.rclone."platforms.linux-x64"]
checksum = "sha256:aa2804e08f48250e71009c727124b6341cd0288465804a9a09d14663cabafbaa"
url = "https://github.com/rclone/rclone/releases/download/v1.75.0/rclone-v1.75.0-linux-amd64.zip"
url_api = "https://api.github.com/repos/rclone/rclone/releases/assets/496932792"

[tools.rclone."platforms.linux-x64-musl"]
checksum = "sha256:aa2804e08f48250e71009c727124b6341cd0288465804a9a09d14663cabafbaa"
url = "https://github.com/rclone/rclone/releases/download/v1.75.0/rclone-v1.75.0-linux-amd64.zip"
url_api = "https://api.github.com/repos/rclone/rclone/releases/assets/496932792"

[tools.rclone."platforms.macos-arm64"]
checksum = "sha256:35e8f2a666ce789b29111db0dd843ddabc0d59c6b609d07bcaae5d1a07cba6f8"
url = "https://github.com/rclone/rclone/releases/download/v1.75.0/rclone-v1.75.0-osx-arm64.zip"
url_api = "https://api.github.com/repos/rclone/rclone/releases/assets/496939862"

[tools.rclone."platforms.macos-x64"]
checksum = "sha256:19edbb8e5e73096eb66e92a42abbc5c34bfa8981ea3986a53872c7eef85a22f4"
url = "https://github.com/rclone/rclone/releases/download/v1.75.0/rclone-v1.75.0-osx-amd64.zip"
url_api = "https://api.github.com/repos/rclone/rclone/releases/assets/496939574"

[tools.rclone."platforms.windows-x64"]
checksum = "sha256:203581f0a7baeae873f2347483a798c79e2eaf5c384a4e9d866aa374f1c89ac0"
url = "https://github.com/rclone/rclone/releases/download/v1.75.0/rclone-v1.75.0-windows-amd64.zip"
url_api = "https://api.github.com/repos/rclone/rclone/releases/assets/496941642"

[[tools.rg]]
version = "15.2.0"
backend = "aqua:BurntSushi/ripgrep"

[tools.rg."platforms.linux-arm64"]
checksum = "sha256:a740b91c82eaf9914cfedd353572f2791cbe0162c84101ee0951058f4dcbc90d"
url = "https://github.com/BurntSushi/ripgrep/releases/download/15.2.0/ripgrep-15.2.0-aarch64-unknown-linux-gnu.tar.gz"
url_api = "https://api.github.com/repos/BurntSushi/ripgrep/releases/assets/478119579"

[tools.rg."platforms.linux-arm64-musl"]
checksum = "sha256:800b1e7206afe799dfb5a6901f23147cfaabe0e52210538100f61e86e1740915"
url = "https://github.com/BurntSushi/ripgrep/releases/download/15.2.0/ripgrep-15.2.0-aarch64-unknown-linux-musl.tar.gz"
url_api = "https://api.github.com/repos/BurntSushi/ripgrep/releases/assets/478120060"

[tools.rg."platforms.linux-x64"]
checksum = "sha256:33e15bcf1624b25cdd2a55813a47a2f95dbe126268203e76aa6a585d1e7b149c"
url = "https://github.com/BurntSushi/ripgrep/releases/download/15.2.0/ripgrep-15.2.0-x86_64-unknown-linux-musl.tar.gz"
url_api = "https://api.github.com/repos/BurntSushi/ripgrep/releases/assets/478120097"

[tools.rg."platforms.linux-x64-musl"]
checksum = "sha256:33e15bcf1624b25cdd2a55813a47a2f95dbe126268203e76aa6a585d1e7b149c"
url = "https://github.com/BurntSushi/ripgrep/releases/download/15.2.0/ripgrep-15.2.0-x86_64-unknown-linux-musl.tar.gz"
url_api = "https://api.github.com/repos/BurntSushi/ripgrep/releases/assets/478120097"

[tools.rg."platforms.macos-arm64"]
checksum = "sha256:3750b2e93f37e0c692657da574d7019a101c0084da05a790c83fd335bad973e4"
url = "https://github.com/BurntSushi/ripgrep/releases/download/15.2.0/ripgrep-15.2.0-aarch64-apple-darwin.tar.gz"
url_api = "https://api.github.com/repos/BurntSushi/ripgrep/releases/assets/478118851"

[tools.rg."platforms.macos-x64"]
checksum = "sha256:af7825fcc69a2afc7a7aea55fc9af90e26421d8f20fe59df32e233c0b8a231c1"
url = "https://github.com/BurntSushi/ripgrep/releases/download/15.2.0/ripgrep-15.2.0-x86_64-apple-darwin.tar.gz"
url_api = "https://api.github.com/repos/BurntSushi/ripgrep/releases/assets/478119585"

[tools.rg."platforms.windows-x64"]
checksum = "sha256:71b2fef860abe467217a538ff31de02f5258807c0129f771846f87bd029aafc5"
url = "https://github.com/BurntSushi/ripgrep/releases/download/15.2.0/ripgrep-15.2.0-x86_64-pc-windows-msvc.zip"
url_api = "https://api.github.com/repos/BurntSushi/ripgrep/releases/assets/478119643"

[[tools.uv]]
version = "0.12.7"
backend = "aqua:astral-sh/uv"

[tools.uv."platforms.linux-arm64"]
checksum = "sha256:66393193038dd7eb108abd7a218d9cec04ac70ab98242b0720fa94de19223b7c"
url = "https://github.com/astral-sh/uv/releases/download/0.12.7/uv-aarch64-unknown-linux-gnu.tar.gz"
url_api = "https://api.github.com/repos/astral-sh/uv/releases/assets/532935189"
provenance = "github-attestations"

[tools.uv."platforms.linux-arm64-musl"]
checksum = "sha256:6dcf60e3c085de88ace3671b949ca99f0652be561ff5627f0d21394140f041db"
url = "https://github.com/astral-sh/uv/releases/download/0.12.7/uv-aarch64-unknown-linux-musl.tar.gz"
url_api = "https://api.github.com/repos/astral-sh/uv/releases/assets/532935192"
provenance = "github-attestations"

[tools.uv."platforms.linux-x64"]
checksum = "sha256:788f18abea7c5f55d6216e4f5613fd89d4d59b631efeec117b2b07fe72f1da21"
url = "https://github.com/astral-sh/uv/releases/download/0.12.7/uv-x86_64-unknown-linux-gnu.tar.gz"
url_api = "https://api.github.com/repos/astral-sh/uv/releases/assets/532935280"
provenance = "github-attestations"

[tools.uv."platforms.linux-x64-musl"]
checksum = "sha256:3d64d44ed67da7908dc7f5c4d64ebb44bad326fa17f8a0a52fc9a7793017bbe1"
url = "https://github.com/astral-sh/uv/releases/download/0.12.7/uv-x86_64-unknown-linux-musl.tar.gz"
url_api = "https://api.github.com/repos/astral-sh/uv/releases/assets/532935287"
provenance = "github-attestations"

[tools.uv."platforms.macos-arm64"]
checksum = "sha256:127ebdda7ad953cdf198e964b570ea5771b85467ea93eb7cb6d6f8e6f55408f3"
url = "https://github.com/astral-sh/uv/releases/download/0.12.7/uv-aarch64-apple-darwin.tar.gz"
url_api = "https://api.github.com/repos/astral-sh/uv/releases/assets/532935178"
provenance = "github-attestations"

[tools.uv."platforms.macos-x64"]
checksum = "sha256:06b8ae1da8c2661c5434507a66f8c2b0b835933bf955b5958a9ac357a37d1959"
url = "https://github.com/astral-sh/uv/releases/download/0.12.7/uv-x86_64-apple-darwin.tar.gz"
url_api = "https://api.github.com/repos/astral-sh/uv/releases/assets/532935264"
provenance = "github-attestations"

[tools.uv."platforms.windows-x64"]
checksum = "sha256:bf1518af459a3915511a11fdc6e2f43ef9a2afa138b9d498eeb9642fe9d85218"
url = "https://github.com/astral-sh/uv/releases/download/0.12.7/uv-x86_64-pc-windows-msvc.zip"
url_api = "https://api.github.com/repos/astral-sh/uv/releases/assets/532935273"
provenance = "github-attestations"
