# @generated - this file is auto-generated by `mise lock` https://mise.jdx.dev/dev-tools/mise-lock.html

[[tools."cargo:gitnr"]]
version = "0.3.1"
backend = "cargo:gitnr"

[[tools.micromamba]]
version = "2.9.0-0"
backend = "github:mamba-org/micromamba-releases"

[tools.micromamba."platforms.linux-arm64"]
checksum = "sha256:e705ffeed90ce0659eb546e4b1e1028c9eaf0bc9cc854867b19ac5ce0ba5852f"
url = "https://github.com/mamba-org/micromamba-releases/releases/download/2.9.0-0/micromamba-linux-aarch64.tar.bz2"
url_api = "https://api.github.com/repos/mamba-org/micromamba-releases/releases/assets/505526151"

[tools.micromamba."platforms.linux-arm64-musl"]
checksum = "sha256:e705ffeed90ce0659eb546e4b1e1028c9eaf0bc9cc854867b19ac5ce0ba5852f"
url = "https://github.com/mamba-org/micromamba-releases/releases/download/2.9.0-0/micromamba-linux-aarch64.tar.bz2"
url_api = "https://api.github.com/repos/mamba-org/micromamba-releases/releases/assets/505526151"

[tools.micromamba."platforms.linux-x64"]
checksum = "sha256:8761c382127e6363bd9e0a2451aa3ef90d071a79133f736e2f759a3bf13040dd"
url = "https://github.com/mamba-org/micromamba-releases/releases/download/2.9.0-0/micromamba-linux-64.tar.bz2"
url_api = "https://api.github.com/repos/mamba-org/micromamba-releases/releases/assets/505526153"

[tools.micromamba."platforms.linux-x64-musl"]
checksum = "sha256:8761c382127e6363bd9e0a2451aa3ef90d071a79133f736e2f759a3bf13040dd"
url = "https://github.com/mamba-org/micromamba-releases/releases/download/2.9.0-0/micromamba-linux-64.tar.bz2"
url_api = "https://api.github.com/repos/mamba-org/micromamba-releases/releases/assets/505526153"

[tools.micromamba."platforms.macos-arm64"]
checksum = "sha256:500f5074feb8d02c4296ef9921c3650ed2874171805a9fbb8fbb53896433646b"
url = "https://github.com/mamba-org/micromamba-releases/releases/download/2.9.0-0/micromamba-osx-arm64.tar.bz2"
url_api = "https://api.github.com/repos/mamba-org/micromamba-releases/releases/assets/505526141"

[tools.micromamba."platforms.macos-x64"]
checksum = "sha256:0426ecdc41636d369f57b8fe6acbf4385a69eca45b56d9ee7d3a840a9965d44f"
url = "https://github.com/mamba-org/micromamba-releases/releases/download/2.9.0-0/micromamba-osx-64.tar.bz2"
url_api = "https://api.github.com/repos/mamba-org/micromamba-releases/releases/assets/505526145"

[tools.micromamba."platforms.windows-x64"]
checksum = "sha256:97a336f4ab794bd96a6a4da5e6ed63e75a1d31830414a182419b23d3b36f3fe0"
url = "https://github.com/mamba-org/micromamba-releases/releases/download/2.9.0-0/micromamba-win-64.tar.bz2"
url_api = "https://api.github.com/repos/mamba-org/micromamba-releases/releases/assets/505526129"

[[tools.rclone]]
version = "1.75.1"
backend = "aqua:rclone/rclone"

[tools.rclone."platforms.linux-arm64"]
checksum = "sha256:03f2504174034b6d004152ed7369251c9a9ec1f7e0836eda420f5c7a5ec0dff9"
url = "https://github.com/rclone/rclone/releases/download/v1.75.1/rclone-v1.75.1-linux-arm64.zip"
url_api = "https://api.github.com/repos/rclone/rclone/releases/assets/544639310"

[tools.rclone."platforms.linux-arm64-musl"]
checksum = "sha256:03f2504174034b6d004152ed7369251c9a9ec1f7e0836eda420f5c7a5ec0dff9"
url = "https://github.com/rclone/rclone/releases/download/v1.75.1/rclone-v1.75.1-linux-arm64.zip"
url_api = "https://api.github.com/repos/rclone/rclone/releases/assets/544639310"

[tools.rclone."platforms.linux-x64"]
checksum = "sha256:982b5aa772841168f8e380f139e9e787b2a105403e32b94da8676a0e1c0a13ab"
url = "https://github.com/rclone/rclone/releases/download/v1.75.1/rclone-v1.75.1-linux-amd64.zip"
url_api = "https://api.github.com/repos/rclone/rclone/releases/assets/544638482"

[tools.rclone."platforms.linux-x64-musl"]
checksum = "sha256:982b5aa772841168f8e380f139e9e787b2a105403e32b94da8676a0e1c0a13ab"
url = "https://github.com/rclone/rclone/releases/download/v1.75.1/rclone-v1.75.1-linux-amd64.zip"
url_api = "https://api.github.com/repos/rclone/rclone/releases/assets/544638482"

[tools.rclone."platforms.macos-arm64"]
checksum = "sha256:c61d7a371c62bcbbe882c3423aa4b8bf63485c248dd0f692997b8f0c3f6d0c6f"
url = "https://github.com/rclone/rclone/releases/download/v1.75.1/rclone-v1.75.1-osx-arm64.zip"
url_api = "https://api.github.com/repos/rclone/rclone/releases/assets/544645575"

[tools.rclone."platforms.macos-x64"]
checksum = "sha256:29253d0288b8fbbac46baad6e5f6add6cb01d462c79f10805bbd4631c4cdf82c"
url = "https://github.com/rclone/rclone/releases/download/v1.75.1/rclone-v1.75.1-osx-amd64.zip"
url_api = "https://api.github.com/repos/rclone/rclone/releases/assets/544645299"

[tools.rclone."platforms.windows-x64"]
checksum = "sha256:200eb602c126d82aa38b51e0f6b9ae837473ff99b51278d3f6f837574c494d6e"
url = "https://github.com/rclone/rclone/releases/download/v1.75.1/rclone-v1.75.1-windows-amd64.zip"
url_api = "https://api.github.com/repos/rclone/rclone/releases/assets/544647178"

[[tools.rg]]
version = "15.2.0"
backend = "aqua:BurntSushi/ripgrep"

[tools.rg."platforms.linux-arm64"]
checksum = "sha256:a740b91c82eaf9914cfedd353572f2791cbe0162c84101ee0951058f4dcbc90d"
url = "https://github.com/BurntSushi/ripgrep/releases/download/15.2.0/ripgrep-15.2.0-aarch64-unknown-linux-gnu.tar.gz"
url_api = "https://api.github.com/repos/BurntSushi/ripgrep/releases/assets/478119579"

[tools.rg."platforms.linux-arm64-musl"]
checksum = "sha256:800b1e7206afe799dfb5a6901f23147cfaabe0e52210538100f61e86e1740915"
url = "https://github.com/BurntSushi/ripgrep/releases/download/15.2.0/ripgrep-15.2.0-aarch64-unknown-linux-musl.tar.gz"
url_api = "https://api.github.com/repos/BurntSushi/ripgrep/releases/assets/478120060"

[tools.rg."platforms.linux-x64"]
checksum = "sha256:33e15bcf1624b25cdd2a55813a47a2f95dbe126268203e76aa6a585d1e7b149c"
url = "https://github.com/BurntSushi/ripgrep/releases/download/15.2.0/ripgrep-15.2.0-x86_64-unknown-linux-musl.tar.gz"
url_api = "https://api.github.com/repos/BurntSushi/ripgrep/releases/assets/478120097"

[tools.rg."platforms.linux-x64-musl"]
checksum = "sha256:33e15bcf1624b25cdd2a55813a47a2f95dbe126268203e76aa6a585d1e7b149c"
url = "https://github.com/BurntSushi/ripgrep/releases/download/15.2.0/ripgrep-15.2.0-x86_64-unknown-linux-musl.tar.gz"
url_api = "https://api.github.com/repos/BurntSushi/ripgrep/releases/assets/478120097"

[tools.rg."platforms.macos-arm64"]
checksum = "sha256:3750b2e93f37e0c692657da574d7019a101c0084da05a790c83fd335bad973e4"
url = "https://github.com/BurntSushi/ripgrep/releases/download/15.2.0/ripgrep-15.2.0-aarch64-apple-darwin.tar.gz"
url_api = "https://api.github.com/repos/BurntSushi/ripgrep/releases/assets/478118851"

[tools.rg."platforms.macos-x64"]
checksum = "sha256:af7825fcc69a2afc7a7aea55fc9af90e26421d8f20fe59df32e233c0b8a231c1"
url = "https://github.com/BurntSushi/ripgrep/releases/download/15.2.0/ripgrep-15.2.0-x86_64-apple-darwin.tar.gz"
url_api = "https://api.github.com/repos/BurntSushi/ripgrep/releases/assets/478119585"

[tools.rg."platforms.windows-x64"]
checksum = "sha256:71b2fef860abe467217a538ff31de02f5258807c0129f771846f87bd029aafc5"
url = "https://github.com/BurntSushi/ripgrep/releases/download/15.2.0/ripgrep-15.2.0-x86_64-pc-windows-msvc.zip"
url_api = "https://api.github.com/repos/BurntSushi/ripgrep/releases/assets/478119643"

[[tools.rumdl]]
version = "0.2.73"
backend = "aqua:rvben/rumdl"

[tools.rumdl."platforms.linux-arm64"]
checksum = "sha256:83fb9a5899d192b828625f21cb26f8971dc5e6c280a947594db1f0932cb9e7df"
url = "https://github.com/rvben/rumdl/releases/download/v0.2.73/rumdl-v0.2.73-aarch64-unknown-linux-gnu.tar.gz"
url_api = "https://api.github.com/repos/rvben/rumdl/releases/assets/557839622"
provenance = "github-attestations"

[tools.rumdl."platforms.linux-arm64-musl"]
checksum = "sha256:f51548adfc71c4982cb5cc239d847bcd4c884e6ac8dc67efd68efd3eea9753a4"
url = "https://github.com/rvben/rumdl/releases/download/v0.2.73/rumdl-v0.2.73-aarch64-unknown-linux-musl.tar.gz"
url_api = "https://api.github.com/repos/rvben/rumdl/releases/assets/557839618"
provenance = "github-attestations"

[tools.rumdl."platforms.linux-x64"]
checksum = "sha256:d56a8e40471af32fe3229e845f3e299e3691665b15cd4ca28f2deb502c487666"
url = "https://github.com/rvben/rumdl/releases/download/v0.2.73/rumdl-v0.2.73-x86_64-unknown-linux-gnu.tar.gz"
url_api = "https://api.github.com/repos/rvben/rumdl/releases/assets/557839623"
provenance = "github-attestations"

[tools.rumdl."platforms.linux-x64-musl"]
checksum = "sha256:dc4aa9bf98f936f667039224a34fc2e26ddf6be3589bf59d63e4d6b038be4f5c"
url = "https://github.com/rvben/rumdl/releases/download/v0.2.73/rumdl-v0.2.73-x86_64-unknown-linux-musl.tar.gz"
url_api = "https://api.github.com/repos/rvben/rumdl/releases/assets/557839615"
provenance = "github-attestations"

[tools.rumdl."platforms.macos-arm64"]
checksum = "sha256:54e0e7c3031b8bfa37e3c57104cc0c93988e02f5b7023c1804749fd180822f9e"
url = "https://github.com/rvben/rumdl/releases/download/v0.2.73/rumdl-v0.2.73-aarch64-apple-darwin.tar.gz"
url_api = "https://api.github.com/repos/rvben/rumdl/releases/assets/557839617"
provenance = "github-attestations"

[tools.rumdl."platforms.macos-x64"]
checksum = "sha256:ad181073e75df52e982025d1f5a9508ef6588f895ef5f78227301499325ea132"
url = "https://github.com/rvben/rumdl/releases/download/v0.2.73/rumdl-v0.2.73-x86_64-apple-darwin.tar.gz"
url_api = "https://api.github.com/repos/rvben/rumdl/releases/assets/557839628"
provenance = "github-attestations"

[tools.rumdl."platforms.windows-x64"]
checksum = "sha256:bc6c86d61588e9c92ec9927903ed4973986d30b94d042732ddf62424755dd3c8"
url = "https://github.com/rvben/rumdl/releases/download/v0.2.73/rumdl-v0.2.73-x86_64-pc-windows-msvc.zip"
url_api = "https://api.github.com/repos/rvben/rumdl/releases/assets/557839616"
provenance = "github-attestations"

[[tools.uv]]
version = "0.12.15"
backend = "aqua:astral-sh/uv"

[tools.uv."platforms.linux-arm64"]
checksum = "sha256:0e9a3499b0587d449c9ff684c0160da607826e4af1cee220bc87f378702d3e08"
url = "https://github.com/astral-sh/uv/releases/download/0.12.15/uv-aarch64-unknown-linux-gnu.tar.gz"
url_api = "https://api.github.com/repos/astral-sh/uv/releases/assets/565630758"
provenance = "github-attestations"

[tools.uv."platforms.linux-arm64-musl"]
checksum = "sha256:93b801abb146e6431fb0434346a0162e65d3f0d1cd7360144d04c43488fd7f7d"
url = "https://github.com/astral-sh/uv/releases/download/0.12.15/uv-aarch64-unknown-linux-musl.tar.gz"
url_api = "https://api.github.com/repos/astral-sh/uv/releases/assets/565630769"
provenance = "github-attestations"

[tools.uv."platforms.linux-x64"]
checksum = "sha256:f97935763c04be3e692460a7aaeaaab8fc3b78fcf8b389da820b38ae7423a638"
url = "https://github.com/astral-sh/uv/releases/download/0.12.15/uv-x86_64-unknown-linux-gnu.tar.gz"
url_api = "https://api.github.com/repos/astral-sh/uv/releases/assets/565630898"
provenance = "github-attestations"

[tools.uv."platforms.linux-x64-musl"]
checksum = "sha256:999c0c3da986953e508985c3932d283d2c62eb167b4f8d81e79f565e34104959"
url = "https://github.com/astral-sh/uv/releases/download/0.12.15/uv-x86_64-unknown-linux-musl.tar.gz"
url_api = "https://api.github.com/repos/astral-sh/uv/releases/assets/565630904"
provenance = "github-attestations"

[tools.uv."platforms.macos-arm64"]
checksum = "sha256:dc304b9ed1b24174572290fba60ac3f6fe63c73a671f0439e62a91375841964d"
url = "https://github.com/astral-sh/uv/releases/download/0.12.15/uv-aarch64-apple-darwin.tar.gz"
url_api = "https://api.github.com/repos/astral-sh/uv/releases/assets/565630750"
provenance = "github-attestations"

[tools.uv."platforms.macos-x64"]
checksum = "sha256:e9ca61775532368fe518ab03e7a354c7ecab8ccb3c7d941c775fcc4a362b801b"
url = "https://github.com/astral-sh/uv/releases/download/0.12.15/uv-x86_64-apple-darwin.tar.gz"
url_api = "https://api.github.com/repos/astral-sh/uv/releases/assets/565630871"
provenance = "github-attestations"

[tools.uv."platforms.windows-x64"]
checksum = "sha256:477bd99a84e34891f2bd4c9152ddeb74e971accccbc59c0f0301f11f08a32d46"
url = "https://github.com/astral-sh/uv/releases/download/0.12.15/uv-x86_64-pc-windows-msvc.zip"
url_api = "https://api.github.com/repos/astral-sh/uv/releases/assets/565630896"
provenance = "github-attestations"
